
Microsoft Visual Studio Solution File, Format Version 12.00
# Visual Studio Version 16
VisualStudioVersion = 16.0.31624.102
MinimumVisualStudioVersion = 10.0.40219.1
Project("{FAE04EC0-301F-11D3-BF4B-00C04F79EFBC}") = "Back End_BD", "Back End_BD\Back End_BD.csproj", "{F530DC0A-7054-4DAA-BDDE-B965B5EA1616}"
EndProject
Global
	GlobalSection(SolutionConfigurationPlatforms) = preSolution
		Debug|Any CPU = Debug|Any CPU
		Release|Any CPU = Release|Any CPU
	EndGlobalSection
	GlobalSection(ProjectConfigurationPlatforms) = postSolution
		{F530DC0A-7054-4DAA-BDDE-B965B5EA1616}.Debug|Any CPU.ActiveCfg = Debug|Any CPU
		{F530DC0A-7054-4DAA-BDDE-B965B5EA1616}.Debug|Any CPU.Build.0 = Debug|Any CPU
		{F530DC0A-7054-4DAA-BDDE-B965B5EA1616}.Release|Any CPU.ActiveCfg = Release|Any CPU
		{F530DC0A-7054-4DAA-BDDE-B965B5EA1616}.Release|Any CPU.Build.0 = Release|Any CPU
	EndGlobalSection
	GlobalSection(SolutionProperties) = preSolution
		HideSolutionNode = FALSE
	EndGlobalSection
	GlobalSection(ExtensibilityGlobals) = postSolution
		SolutionGuid = {0C946BAB-5E76-4741-A815-B71F6ED14176}
	EndGlobalSection
EndGlobal
